
Microsoft Visual Studio Solution File, Format Version 12.00
# Visual Studio Version 17
VisualStudioVersion = 17.4.33205.214
MinimumVisualStudioVersion = 10.0.40219.1
Project("{FAE04EC0-301F-11D3-BF4B-00C04F79EFBC}") = "matematica", "matematica\matematica.csproj", "{A464811E-020D-4A4B-9643-89E367E9CB76}"
EndProject
Global
	GlobalSection(SolutionConfigurationPlatforms) = preSolution
		Debug|Any CPU = Debug|Any CPU
		Release|Any CPU = Release|Any CPU
	EndGlobalSection
	GlobalSection(ProjectConfigurationPlatforms) = postSolution
		{A464811E-020D-4A4B-9643-89E367E9CB76}.Debug|Any CPU.ActiveCfg = Debug|Any CPU
		{A464811E-020D-4A4B-9643-89E367E9CB76}.Debug|Any CPU.Build.0 = Debug|Any CPU
		{A464811E-020D-4A4B-9643-89E367E9CB76}.Release|Any CPU.ActiveCfg = Release|Any CPU
		{A464811E-020D-4A4B-9643-89E367E9CB76}.Release|Any CPU.Build.0 = Release|Any CPU
	EndGlobalSection
	GlobalSection(SolutionProperties) = preSolution
		HideSolutionNode = FALSE
	EndGlobalSection
	GlobalSection(ExtensibilityGlobals) = postSolution
		SolutionGuid = {D7B1906B-9416-4008-B06C-CAA5D472D602}
	EndGlobalSection
EndGlobal
